
Microsoft Visual Studio Solution File, Format Version 12.00
# Visual Studio Version 17
VisualStudioVersion = 17.7.34031.279
MinimumVisualStudioVersion = 10.0.40219.1
Project("{888888A0-9F3D-457C-B088-3A5042F75D52}") = "DES_main", "DES_main\DES_main.pyproj", "{AE05A040-6C49-48BC-92A9-DA8F3E5AEA77}"
EndProject
Global
	GlobalSection(SolutionConfigurationPlatforms) = preSolution
		Debug|Any CPU = Debug|Any CPU
		Release|Any CPU = Release|Any CPU
	EndGlobalSection
	GlobalSection(ProjectConfigurationPlatforms) = postSolution
		{AE05A040-6C49-48BC-92A9-DA8F3E5AEA77}.Debug|Any CPU.ActiveCfg = Debug|Any CPU
		{AE05A040-6C49-48BC-92A9-DA8F3E5AEA77}.Release|Any CPU.ActiveCfg = Release|Any CPU
	EndGlobalSection
	GlobalSection(SolutionProperties) = preSolution
		HideSolutionNode = FALSE
	EndGlobalSection
	GlobalSection(ExtensibilityGlobals) = postSolution
		SolutionGuid = {6787A8B7-DF7B-4146-AD90-71D45D7E0ADE}
	EndGlobalSection
EndGlobal
